{
    "_meta": {
        "hash": {
            "sha256": "8d7efa6bff74131948f3f42d63f1eaf3fc85e6861cdc86dd4c0c495f03ab1328"
        },
        "pipfile-spec": 6,
        "requires": {
            "python_version": "3.9.17"
        },
        "sources": [
            {
                "name": "pypi",
                "url": "https://pypi.org/simple",
                "verify_ssl": true
            }
        ]
    },
    "default": {},
    "develop": {}
}
